
Microsoft Visual Studio Solution File, Format Version 12.00
# Visual Studio 2013
VisualStudioVersion = 12.0.40629.0
MinimumVisualStudioVersion = 10.0.40219.1
Project("{FAE04EC0-301F-11D3-BF4B-00C04F79EFBC}") = "WcfServiceLibraryGame", "WcfServiceLibraryGame\WcfServiceLibraryGame.csproj", "{CD6524B7-B466-4CEE-85FD-02976CC8AC9E}"
EndProject
Project("{FAE04EC0-301F-11D3-BF4B-00C04F79EFBC}") = "ConsoleHosting", "ConsoleHosting\ConsoleHosting.csproj", "{D085E832-3196-45FA-AA0A-D8208711A122}"
EndProject
Project("{FAE04EC0-301F-11D3-BF4B-00C04F79EFBC}") = "WindowsServiceHostingGames", "WindowsServiceHostingGames\WindowsServiceHostingGames.csproj", "{D309CD93-7EF4-4A48-A4CF-50CEBB45F3AE}"
EndProject
Project("{FAE04EC0-301F-11D3-BF4B-00C04F79EFBC}") = "WcfServiceHosting", "WcfServiceHosting\WcfServiceHosting.csproj", "{AC1D41C4-FAE7-4195-847B-55F9A6258830}"
EndProject
Global
	GlobalSection(SolutionConfigurationPlatforms) = preSolution
		Debug|Any CPU = Debug|Any CPU
		Release|Any CPU = Release|Any CPU
	EndGlobalSection
	GlobalSection(ProjectConfigurationPlatforms) = postSolution
		{CD6524B7-B466-4CEE-85FD-02976CC8AC9E}.Debug|Any CPU.ActiveCfg = Debug|Any CPU
		{CD6524B7-B466-4CEE-85FD-02976CC8AC9E}.Debug|Any CPU.Build.0 = Debug|Any CPU
		{CD6524B7-B466-4CEE-85FD-02976CC8AC9E}.Release|Any CPU.ActiveCfg = Release|Any CPU
		{CD6524B7-B466-4CEE-85FD-02976CC8AC9E}.Release|Any CPU.Build.0 = Release|Any CPU
		{D085E832-3196-45FA-AA0A-D8208711A122}.Debug|Any CPU.ActiveCfg = Debug|Any CPU
		{D085E832-3196-45FA-AA0A-D8208711A122}.Debug|Any CPU.Build.0 = Debug|Any CPU
		{D085E832-3196-45FA-AA0A-D8208711A122}.Release|Any CPU.ActiveCfg = Release|Any CPU
		{D085E832-3196-45FA-AA0A-D8208711A122}.Release|Any CPU.Build.0 = Release|Any CPU
		{D309CD93-7EF4-4A48-A4CF-50CEBB45F3AE}.Debug|Any CPU.ActiveCfg = Debug|Any CPU
		{D309CD93-7EF4-4A48-A4CF-50CEBB45F3AE}.Debug|Any CPU.Build.0 = Debug|Any CPU
		{D309CD93-7EF4-4A48-A4CF-50CEBB45F3AE}.Release|Any CPU.ActiveCfg = Release|Any CPU
		{D309CD93-7EF4-4A48-A4CF-50CEBB45F3AE}.Release|Any CPU.Build.0 = Release|Any CPU
		{AC1D41C4-FAE7-4195-847B-55F9A6258830}.Debug|Any CPU.ActiveCfg = Debug|Any CPU
		{AC1D41C4-FAE7-4195-847B-55F9A6258830}.Debug|Any CPU.Build.0 = Debug|Any CPU
		{AC1D41C4-FAE7-4195-847B-55F9A6258830}.Release|Any CPU.ActiveCfg = Release|Any CPU
		{AC1D41C4-FAE7-4195-847B-55F9A6258830}.Release|Any CPU.Build.0 = Release|Any CPU
	EndGlobalSection
	GlobalSection(SolutionProperties) = preSolution
		HideSolutionNode = FALSE
	EndGlobalSection
EndGlobal
